{
  "nodes": {
    "distorm3": {
      "inputs": {
        "flakeNimbleLib": [
          "flakeNimbleLib"
        ],
        "nixpkgs": [
          "nixpkgs"
        ],
        "src-distorm3-3_5_2": "src-distorm3-3_5_2"
      },
      "locked": {
        "dir": "3_5_2",
        "lastModified": 1667322239,
        "narHash": "sha256-WnV1Ihtwk6ofmnfDfBgkcsLlMR0FIALY0Whxat6H8LY=",
        "owner": "nim-nix-pkgs",
        "repo": "distorm3",
        "rev": "c77c5c68e61417f2ededfd62b9d9b44aa2a80b96",
        "type": "github"
      },
      "original": {
        "dir": "3_5_2",
        "owner": "nim-nix-pkgs",
        "ref": "master",
        "repo": "distorm3",
        "type": "github"
      }
    },
    "flakeNimbleLib": {
      "inputs": {
        "nixpkgs": [
          "nixpkgs"
        ]
      },
      "locked": {
        "lastModified": 1662018438,
        "narHash": "sha256-QtNtU6+LX3Wokxf0zlFwKTFOcn6TeDjKQZ+DA9OYtvM=",
        "owner": "riinr",
        "repo": "nim-flakes-lib",
        "rev": "b1fe8340736e3a85d25c709ac3dfd82a55c03cbf",
        "type": "github"
      },
      "original": {
        "owner": "riinr",
        "ref": "master",
        "repo": "nim-flakes-lib",
        "type": "github"
      }
    },
    "nixpkgs": {
      "locked": {
        "lastModified": 1667199707,
        "narHash": "sha256-I2Js3Y7gUyVSEXPULHlBoRek4Lh85vnevdS6mdvDNLI=",
        "owner": "NixOS",
        "repo": "nixpkgs",
        "rev": "ced197be72099edcfa68ebed8b87af7b04851f45",
        "type": "github"
      },
      "original": {
        "id": "nixpkgs",
        "type": "indirect"
      }
    },
    "root": {
      "inputs": {
        "distorm3": "distorm3",
        "flakeNimbleLib": "flakeNimbleLib",
        "nixpkgs": "nixpkgs",
        "src-funchook-master": "src-funchook-master"
      }
    },
    "src-distorm3-3_5_2": {
      "flake": false,
      "locked": {
        "lastModified": 1630815464,
        "narHash": "sha256-AgCphUzG2OIbrIiNk2HzebkqucpYkGbuq2S5oD/3Apc=",
        "owner": "ba0f3",
        "repo": "distorm3.nim",
        "rev": "692d433f83f4e7b475e1a795c2e2d079e277cec4",
        "type": "github"
      },
      "original": {
        "owner": "ba0f3",
        "ref": "refs/tags/3.5.2",
        "repo": "distorm3.nim",
        "type": "github"
      }
    },
    "src-funchook-master": {
      "flake": false,
      "locked": {
        "lastModified": 1664722832,
        "narHash": "sha256-ZT7AsLDrnpBv19ZRmMfOSVt1df3rSUSwszxFA1UJ9mQ=",
        "owner": "ba0f3",
        "repo": "funchook.nim",
        "rev": "0292e0937ce1d108bae5c541463bd8e35f2fa929",
        "type": "github"
      },
      "original": {
        "owner": "ba0f3",
        "ref": "refs/heads/master",
        "repo": "funchook.nim",
        "type": "github"
      }
    }
  },
  "root": "root",
  "version": 7
}
